
Microsoft Visual Studio Solution File, Format Version 12.00
# Visual Studio 14
VisualStudioVersion = 14.0.25420.1
MinimumVisualStudioVersion = 10.0.40219.1
Project("{E24C65DC-7377-472B-9ABA-BC803B73C61A}") = "CodeWithMeGood", "CodeWithMeGood\", "{8B78901F-7E3A-4F98-81DB-57BB1F51F936}"
	ProjectSection(WebsiteProperties) = preProject
		TargetFrameworkMoniker = ".NETFramework,Version%3Dv4.5.2"
		Debug.AspNetCompiler.VirtualPath = "/localhost_52323"
		Debug.AspNetCompiler.PhysicalPath = "CodeWithMeGood\"
		Debug.AspNetCompiler.TargetPath = "PrecompiledWeb\localhost_52323\"
		Debug.AspNetCompiler.Updateable = "true"
		Debug.AspNetCompiler.ForceOverwrite = "true"
		Debug.AspNetCompiler.FixedNames = "false"
		Debug.AspNetCompiler.Debug = "True"
		Release.AspNetCompiler.VirtualPath = "/localhost_52323"
		Release.AspNetCompiler.PhysicalPath = "CodeWithMeGood\"
		Release.AspNetCompiler.TargetPath = "PrecompiledWeb\localhost_52323\"
		Release.AspNetCompiler.Updateable = "true"
		Release.AspNetCompiler.ForceOverwrite = "true"
		Release.AspNetCompiler.FixedNames = "false"
		Release.AspNetCompiler.Debug = "False"
		VWDPort = "52323"
		SlnRelativePath = "CodeWithMeGood\"
	EndProjectSection
EndProject
Project("{E24C65DC-7377-472B-9ABA-BC803B73C61A}") = "CodeWithMeBad(1)", "CodeWithMeBad\", "{2695B35D-3770-4AEE-917D-DDD8973996A3}"
	ProjectSection(WebsiteProperties) = preProject
		TargetFrameworkMoniker = ".NETFramework,Version%3Dv4.5.2"
		Debug.AspNetCompiler.VirtualPath = "/localhost_52342"
		Debug.AspNetCompiler.PhysicalPath = "CodeWithMeBad\"
		Debug.AspNetCompiler.TargetPath = "PrecompiledWeb\localhost_52342\"
		Debug.AspNetCompiler.Updateable = "true"
		Debug.AspNetCompiler.ForceOverwrite = "true"
		Debug.AspNetCompiler.FixedNames = "false"
		Debug.AspNetCompiler.Debug = "True"
		Release.AspNetCompiler.VirtualPath = "/localhost_52342"
		Release.AspNetCompiler.PhysicalPath = "CodeWithMeBad\"
		Release.AspNetCompiler.TargetPath = "PrecompiledWeb\localhost_52342\"
		Release.AspNetCompiler.Updateable = "true"
		Release.AspNetCompiler.ForceOverwrite = "true"
		Release.AspNetCompiler.FixedNames = "false"
		Release.AspNetCompiler.Debug = "False"
		VWDPort = "52342"
		SlnRelativePath = "CodeWithMeBad\"
	EndProjectSection
EndProject
Global
	GlobalSection(SolutionConfigurationPlatforms) = preSolution
		Debug|Any CPU = Debug|Any CPU
	EndGlobalSection
	GlobalSection(ProjectConfigurationPlatforms) = postSolution
		{8B78901F-7E3A-4F98-81DB-57BB1F51F936}.Debug|Any CPU.ActiveCfg = Debug|Any CPU
		{8B78901F-7E3A-4F98-81DB-57BB1F51F936}.Debug|Any CPU.Build.0 = Debug|Any CPU
		{2695B35D-3770-4AEE-917D-DDD8973996A3}.Debug|Any CPU.ActiveCfg = Debug|Any CPU
		{2695B35D-3770-4AEE-917D-DDD8973996A3}.Debug|Any CPU.Build.0 = Debug|Any CPU
	EndGlobalSection
	GlobalSection(SolutionProperties) = preSolution
		HideSolutionNode = FALSE
	EndGlobalSection
EndGlobal
